
Microsoft Visual Studio Solution File, Format Version 12.00
# Visual Studio Version 17
VisualStudioVersion = 17.12.35707.178 d17.12
MinimumVisualStudioVersion = 10.0.40219.1
Project("{FAE04EC0-301F-11D3-BF4B-00C04F79EFBC}") = "WebNoiThatHoaHome", "WebNoiThatHoaHome\WebNoiThatHoaHome.csproj", "{116CBB3C-6ED3-42F3-A577-A80A6F16F407}"
EndProject
Global
	GlobalSection(SolutionConfigurationPlatforms) = preSolution
		Debug|Any CPU = Debug|Any CPU
		Release|Any CPU = Release|Any CPU
	EndGlobalSection
	GlobalSection(ProjectConfigurationPlatforms) = postSolution
		{116CBB3C-6ED3-42F3-A577-A80A6F16F407}.Debug|Any CPU.ActiveCfg = Debug|Any CPU
		{116CBB3C-6ED3-42F3-A577-A80A6F16F407}.Debug|Any CPU.Build.0 = Debug|Any CPU
		{116CBB3C-6ED3-42F3-A577-A80A6F16F407}.Release|Any CPU.ActiveCfg = Release|Any CPU
		{116CBB3C-6ED3-42F3-A577-A80A6F16F407}.Release|Any CPU.Build.0 = Release|Any CPU
	EndGlobalSection
	GlobalSection(SolutionProperties) = preSolution
		HideSolutionNode = FALSE
	EndGlobalSection
EndGlobal
